{
  "name": "portfolio-ai",
  "lockfileVersion": 3,
  "requires": true,
  "packages": {
    "": {
      "dependencies": {
        "wlipsync": "^1.3.0"
      }
    },
    "node_modules/wlipsync": {
      "version": "1.3.0",
      "resolved": "https://registry.npmjs.org/wlipsync/-/wlipsync-1.3.0.tgz",
      "integrity": "sha512-wYF85QAWCQE2rma9qoXok5we77XouCKxNh0HvbzRAtSIhc/QZbSh2rh5vKgWYHD4jrTE8+CwaxvU9oEUqYO9Zw==",
      "license": "MIT"
    }
  }
}
